<?xml version="1.0" encoding="UTF-8" standalone="yes" ?>
<CodeBlocks_project_file>
	<FileVersion major="1" minor="6" />
	<Project>
		<Option title="Frog-Lies" />
		<Option pch_mode="2" />
		<Option compiler="gcc" />
		<Build>
			<Target title="Debug-CLI">
				<Option output="bin/Debug/Frog-Lies" prefix_auto="1" extension_auto="1" />
				<Option object_output="obj/Debug/" />
				<Option type="1" />
				<Option compiler="gcc" />
				<Compiler>
					<Add option="-g" />
				</Compiler>
			</Target>
			<Target title="Debug-GUI">
				<Option output="bin/Debug/Frog-Lies-g" prefix_auto="0" extension_auto="1" />
				<Option object_output="obj/Debug/" />
				<Option type="0" />
				<Option compiler="gcc" />
				<Compiler>
					<Add option="-g" />
				</Compiler>
			</Target>
			<Target title="Release-GUI">
				<Option output="bin/Release/Frog-Lies" prefix_auto="1" extension_auto="1" />
				<Option object_output="obj/Release/" />
				<Option type="0" />
				<Option compiler="gcc" />
				<Compiler>
					<Add option="-O2" />
					<Add option="-std=c++11" />
				</Compiler>
				<Linker>
					<Add option="-s" />
				</Linker>
			</Target>
		</Build>
		<Compiler>
			<Add option="-std=c++11" />
			<Add option="-Wall" />
			<Add option="-DCURL_STATICLIB" />
			<Add directory="../Frog-Lies" />
		</Compiler>
		<Linker>
			<Add library="png" />
			<Add library="lua52" />
			<Add library="user32" />
			<Add library="z" />
			<Add library="ws2_32" />
			<Add library="winmm" />
			<Add library="gdi32" />
			<Add directory="deps" />
		</Linker>
		<Unit filename="Error/Error.cpp" />
		<Unit filename="Error/Error.hpp" />
		<Unit filename="Lua/Lua.cpp" />
		<Unit filename="Lua/Lua.hpp" />
		<Unit filename="Lua/LuaFunction.cpp" />
		<Unit filename="Lua/LuaScript.cpp" />
		<Unit filename="Lua/LuaStack.cpp" />
		<Unit filename="Lua/LuaTable.cpp" />
		<Unit filename="Lua/LuaValue.cpp" />
		<Unit filename="Strings/Strings.cpp" />
		<Unit filename="Strings/Strings.hpp" />
		<Unit filename="bitmap.cpp" />
		<Unit filename="bitmap.h" />
		<Unit filename="debug.h" />
		<Unit filename="files.cpp" />
		<Unit filename="files.h" />
		<Unit filename="froglies.h" />
		<Unit filename="http.cpp" />
		<Unit filename="http.h" />
		<Unit filename="luawrap.h" />
		<Unit filename="main.cpp" />
		<Unit filename="mutex.cpp" />
		<Unit filename="mutex.h" />
		<Unit filename="resource.rc">
			<Option compilerVar="WINDRES" />
		</Unit>
		<Unit filename="shortcut.cpp" />
		<Unit filename="shortcut.h" />
		<Unit filename="whff.cpp" />
		<Unit filename="whff.h" />
		<Extensions>
			<code_completion />
			<envvars />
			<debugger />
			<lib_finder disable_auto="1" />
			<DoxyBlocks>
				<comment_style block="0" line="0" />
				<doxyfile_project />
				<doxyfile_build />
				<doxyfile_warnings />
				<doxyfile_output />
				<doxyfile_dot />
				<general />
			</DoxyBlocks>
		</Extensions>
	</Project>
</CodeBlocks_project_file>
