<?xml version="1.0" encoding="UTF-8" standalone="yes" ?>
<CodeBlocks_project_file>
	<FileVersion major="1" minor="6" />
	<Project>
		<Option title="ss" />
		<Option pch_mode="2" />
		<Option compiler="gcc" />
		<Build>
			<Target title="Debug">
				<Option output="bin\Debug\ss" prefix_auto="1" extension_auto="1" />
				<Option object_output="obj\Debug\" />
				<Option type="0" />
				<Option compiler="gcc" />
				<Compiler>
					<Add option="-g" />
				</Compiler>
			</Target>
			<Target title="Release">
				<Option output="bin\Release\ss" prefix_auto="1" extension_auto="1" />
				<Option object_output="obj\Release\" />
				<Option type="1" />
				<Option compiler="gcc" />
				<Option use_console_runner="0" />
				<Compiler>
					<Add option="-O2" />
				</Compiler>
				<Linker>
					<Add option="-s" />
				</Linker>
			</Target>
		</Build>
		<Compiler>
			<Add option="-Wall" />
			<Add option="-DCURL_STATICLIB" />
			<Add directory="C:\library\include" />
		</Compiler>
		<Linker>
			<Add library="C:\library\bin\libcurl.dll" />
			<Add library="C:\library\bin\libeay32.dll" />
			<Add library="C:\library\bin\libidn-11.dll" />
			<Add library="C:\library\bin\librtmp.dll" />
			<Add library="C:\library\bin\libssh2.dll" />
			<Add library="C:\library\bin\ssleay32.dll" />
			<Add library="C:\library\bin\zlib1.dll" />
			<Add library="User32" />
			<Add library="png" />
			<Add library="gdi32" />
			<Add library="winmm" />
			<Add directory="C:\library\lib" />
		</Linker>
		<Unit filename="bitmap.cpp" />
		<Unit filename="bitmap.h" />
		<Unit filename="main.cpp" />
		<Unit filename="mimetypes.cpp" />
		<Unit filename="mimetypes.h" />
		<Unit filename="whff.cpp" />
		<Unit filename="whff.h" />
		<Extensions>
			<code_completion />
			<debugger />
			<DoxyBlocks>
				<comment_style block="0" line="0" />
				<doxyfile_project />
				<doxyfile_build />
				<doxyfile_warnings />
				<doxyfile_output />
				<doxyfile_dot />
				<general />
			</DoxyBlocks>
			<envvars />
		</Extensions>
	</Project>
</CodeBlocks_project_file>
